
Microsoft Visual Studio Solution File, Format Version 12.00
# Visual Studio Version 17
VisualStudioVersion = 17.0.31903.59
MinimumVisualStudioVersion = 10.0.40219.1
Project("{FAE04EC0-301F-11D3-BF4B-00C04F79EFBC}") = "API", "API\API.csproj", "{8FC44000-94C8-46DF-A57C-C027F72B92BA}"
EndProject
Project("{FAE04EC0-301F-11D3-BF4B-00C04F79EFBC}") = "Core", "Core\Core.csproj", "{C513A467-BBF3-4AB9-B46E-3A3D7AB71C08}"
EndProject
Project("{FAE04EC0-301F-11D3-BF4B-00C04F79EFBC}") = "Infrastructure", "Infrastructure\Infrastructure.csproj", "{607C2B8F-B9CE-4F0F-8428-72087F2087E1}"
EndProject
Global
	GlobalSection(SolutionConfigurationPlatforms) = preSolution
		Debug|Any CPU = Debug|Any CPU
		Release|Any CPU = Release|Any CPU
	EndGlobalSection
	GlobalSection(SolutionProperties) = preSolution
		HideSolutionNode = FALSE
	EndGlobalSection
	GlobalSection(ProjectConfigurationPlatforms) = postSolution
		{8FC44000-94C8-46DF-A57C-C027F72B92BA}.Debug|Any CPU.ActiveCfg = Debug|Any CPU
		{8FC44000-94C8-46DF-A57C-C027F72B92BA}.Debug|Any CPU.Build.0 = Debug|Any CPU
		{8FC44000-94C8-46DF-A57C-C027F72B92BA}.Release|Any CPU.ActiveCfg = Release|Any CPU
		{8FC44000-94C8-46DF-A57C-C027F72B92BA}.Release|Any CPU.Build.0 = Release|Any CPU
		{C513A467-BBF3-4AB9-B46E-3A3D7AB71C08}.Debug|Any CPU.ActiveCfg = Debug|Any CPU
		{C513A467-BBF3-4AB9-B46E-3A3D7AB71C08}.Debug|Any CPU.Build.0 = Debug|Any CPU
		{C513A467-BBF3-4AB9-B46E-3A3D7AB71C08}.Release|Any CPU.ActiveCfg = Release|Any CPU
		{C513A467-BBF3-4AB9-B46E-3A3D7AB71C08}.Release|Any CPU.Build.0 = Release|Any CPU
		{607C2B8F-B9CE-4F0F-8428-72087F2087E1}.Debug|Any CPU.ActiveCfg = Debug|Any CPU
		{607C2B8F-B9CE-4F0F-8428-72087F2087E1}.Debug|Any CPU.Build.0 = Debug|Any CPU
		{607C2B8F-B9CE-4F0F-8428-72087F2087E1}.Release|Any CPU.ActiveCfg = Release|Any CPU
		{607C2B8F-B9CE-4F0F-8428-72087F2087E1}.Release|Any CPU.Build.0 = Release|Any CPU
	EndGlobalSection
EndGlobal
